<?xml version="1.0" encoding="utf-8"?>
<Project ToolsVersion="4.0" xmlns="http://schemas.microsoft.com/developer/msbuild/2003">
  <ItemGroup>
    <Filter Include="Source Files">
      <UniqueIdentifier>{4FC737F1-C7A5-4376-A066-2A32D752A2FF}</UniqueIdentifier>
      <Extensions>cpp;c;cc;cxx;def;odl;idl;hpj;bat;asm;asmx</Extensions>
    </Filter>
    <Filter Include="Header Files">
      <UniqueIdentifier>{93995380-89BD-4b04-88EB-625FBE52EBFB}</UniqueIdentifier>
      <Extensions>h;hh;hpp;hxx;hm;inl;inc;ipp;xsd</Extensions>
    </Filter>
    <Filter Include="Resource Files">
      <UniqueIdentifier>{67DA6AB6-F800-4c08-8B7A-83BB121AAD01}</UniqueIdentifier>
      <Extensions>rc;ico;cur;bmp;dlg;rc2;rct;bin;rgs;gif;jpg;jpeg;jpe;resx;tiff;tif;png;wav;mfcribbon-ms</Extensions>
    </Filter>
  </ItemGroup>
  <ItemGroup>
    <ClCompile Include="MyForm.cpp">
      <Filter>Source Files</Filter>
    </ClCompile>
    <ClCompile Include="controller\ControllerEstagios.cpp">
      <Filter>Source Files</Filter>
    </ClCompile>
    <ClCompile Include="dao\AlunoDAO.cpp">
      <Filter>Source Files</Filter>
    </ClCompile>
    <ClCompile Include="dao\EstagioDAO.cpp">
      <Filter>Source Files</Filter>
    </ClCompile>
    <ClCompile Include="dao\FuncionalidadeDAO.cpp">
      <Filter>Source Files</Filter>
    </ClCompile>
    <ClCompile Include="dao\GerenciadorDePerfisDeUsuario.cpp">
      <Filter>Source Files</Filter>
    </ClCompile>
    <ClCompile Include="dao\MySQLDAO.cpp">
      <Filter>Source Files</Filter>
    </ClCompile>
    <ClCompile Include="dao\PerfilDAO.cpp">
      <Filter>Source Files</Filter>
    </ClCompile>
    <ClCompile Include="dao\UsuarioDAO.cpp">
      <Filter>Source Files</Filter>
    </ClCompile>
    <ClCompile Include="dominio\dto\Aluno.cpp">
      <Filter>Source Files</Filter>
    </ClCompile>
    <ClCompile Include="dominio\dto\Estagio.cpp">
      <Filter>Source Files</Filter>
    </ClCompile>
    <ClCompile Include="dominio\seguranca\ControllerSeguranca.cpp">
      <Filter>Source Files</Filter>
    </ClCompile>
    <ClCompile Include="dominio\seguranca\Funcionalidade.cpp">
      <Filter>Source Files</Filter>
    </ClCompile>
    <ClCompile Include="dominio\seguranca\Perfil.cpp">
      <Filter>Source Files</Filter>
    </ClCompile>
    <ClCompile Include="dominio\seguranca\Usuario.cpp">
      <Filter>Source Files</Filter>
    </ClCompile>
    <ClCompile Include="dominio\ServicoEstagios.cpp">
      <Filter>Source Files</Filter>
    </ClCompile>
  </ItemGroup>
  <ItemGroup>
    <ClInclude Include="MyForm.h">
      <Filter>Header Files</Filter>
    </ClInclude>
    <ClInclude Include="controller\ControllerEstagios.h">
      <Filter>Header Files</Filter>
    </ClInclude>
    <ClInclude Include="dao\AlunoDAO.h">
      <Filter>Header Files</Filter>
    </ClInclude>
    <ClInclude Include="dao\EstagioDAO.h">
      <Filter>Header Files</Filter>
    </ClInclude>
    <ClInclude Include="dao\FuncionalidadeDAO.h">
      <Filter>Header Files</Filter>
    </ClInclude>
    <ClInclude Include="dao\GerenciadorDePerfisDeUsuario.h">
      <Filter>Header Files</Filter>
    </ClInclude>
    <ClInclude Include="dao\MySQLDAO.h">
      <Filter>Header Files</Filter>
    </ClInclude>
    <ClInclude Include="dao\PerfilDAO.h">
      <Filter>Header Files</Filter>
    </ClInclude>
    <ClInclude Include="dao\UsuarioDAO.h">
      <Filter>Header Files</Filter>
    </ClInclude>
    <ClInclude Include="dominio\dto\Aluno.h">
      <Filter>Header Files</Filter>
    </ClInclude>
    <ClInclude Include="dominio\dto\Estagio.h">
      <Filter>Header Files</Filter>
    </ClInclude>
    <ClInclude Include="dominio\seguranca\ControllerSeguranca.h">
      <Filter>Header Files</Filter>
    </ClInclude>
    <ClInclude Include="dominio\seguranca\Funcionalidade.h">
      <Filter>Header Files</Filter>
    </ClInclude>
    <ClInclude Include="dominio\seguranca\Perfil.h">
      <Filter>Header Files</Filter>
    </ClInclude>
    <ClInclude Include="dominio\seguranca\Usuario.h">
      <Filter>Header Files</Filter>
    </ClInclude>
    <ClInclude Include="dominio\ServicoEstagios.h">
      <Filter>Header Files</Filter>
    </ClInclude>
  </ItemGroup>
</Project>